
Microsoft Visual Studio Solution File, Format Version 12.00
# Visual Studio Version 16
VisualStudioVersion = 16.0.29503.13
MinimumVisualStudioVersion = 10.0.40219.1
Project("{FAE04EC0-301F-11D3-BF4B-00C04F79EFBC}") = "Lab4", "Lab4\Lab4.csproj", "{594A772D-65E6-46C6-BC95-C3CEA533E130}"
EndProject
Global
	GlobalSection(SolutionConfigurationPlatforms) = preSolution
		Debug|Any CPU = Debug|Any CPU
		Release|Any CPU = Release|Any CPU
	EndGlobalSection
	GlobalSection(ProjectConfigurationPlatforms) = postSolution
		{594A772D-65E6-46C6-BC95-C3CEA533E130}.Debug|Any CPU.ActiveCfg = Debug|Any CPU
		{594A772D-65E6-46C6-BC95-C3CEA533E130}.Debug|Any CPU.Build.0 = Debug|Any CPU
		{594A772D-65E6-46C6-BC95-C3CEA533E130}.Release|Any CPU.ActiveCfg = Release|Any CPU
		{594A772D-65E6-46C6-BC95-C3CEA533E130}.Release|Any CPU.Build.0 = Release|Any CPU
	EndGlobalSection
	GlobalSection(SolutionProperties) = preSolution
		HideSolutionNode = FALSE
	EndGlobalSection
	GlobalSection(ExtensibilityGlobals) = postSolution
		SolutionGuid = {5BA9E7A1-E329-47FE-94CE-48451432DF49}
	EndGlobalSection
EndGlobal
