
Microsoft Visual Studio Solution File, Format Version 12.00
# Visual Studio Version 16
VisualStudioVersion = 16.0.29503.13
MinimumVisualStudioVersion = 10.0.40219.1
Project("{FAE04EC0-301F-11D3-BF4B-00C04F79EFBC}") = "Lab5", "Lab5\Lab5.csproj", "{92F4BFA2-40E9-464B-BAB8-428C251F1DA6}"
EndProject
Global
	GlobalSection(SolutionConfigurationPlatforms) = preSolution
		Debug|Any CPU = Debug|Any CPU
		Release|Any CPU = Release|Any CPU
	EndGlobalSection
	GlobalSection(ProjectConfigurationPlatforms) = postSolution
		{92F4BFA2-40E9-464B-BAB8-428C251F1DA6}.Debug|Any CPU.ActiveCfg = Debug|Any CPU
		{92F4BFA2-40E9-464B-BAB8-428C251F1DA6}.Debug|Any CPU.Build.0 = Debug|Any CPU
		{92F4BFA2-40E9-464B-BAB8-428C251F1DA6}.Release|Any CPU.ActiveCfg = Release|Any CPU
		{92F4BFA2-40E9-464B-BAB8-428C251F1DA6}.Release|Any CPU.Build.0 = Release|Any CPU
	EndGlobalSection
	GlobalSection(SolutionProperties) = preSolution
		HideSolutionNode = FALSE
	EndGlobalSection
	GlobalSection(ExtensibilityGlobals) = postSolution
		SolutionGuid = {AC540B77-89D0-4373-948A-C547A8D6D408}
	EndGlobalSection
EndGlobal
