
Microsoft Visual Studio Solution File, Format Version 12.00
# Visual Studio Version 16
VisualStudioVersion = 16.0.29503.13
MinimumVisualStudioVersion = 10.0.40219.1
Project("{FAE04EC0-301F-11D3-BF4B-00C04F79EFBC}") = "Lab3", "Lab3\Lab3.csproj", "{51BC7D34-4C55-402C-913C-B4819DB86FFE}"
EndProject
Global
	GlobalSection(SolutionConfigurationPlatforms) = preSolution
		Debug|Any CPU = Debug|Any CPU
		Release|Any CPU = Release|Any CPU
	EndGlobalSection
	GlobalSection(ProjectConfigurationPlatforms) = postSolution
		{51BC7D34-4C55-402C-913C-B4819DB86FFE}.Debug|Any CPU.ActiveCfg = Debug|Any CPU
		{51BC7D34-4C55-402C-913C-B4819DB86FFE}.Debug|Any CPU.Build.0 = Debug|Any CPU
		{51BC7D34-4C55-402C-913C-B4819DB86FFE}.Release|Any CPU.ActiveCfg = Release|Any CPU
		{51BC7D34-4C55-402C-913C-B4819DB86FFE}.Release|Any CPU.Build.0 = Release|Any CPU
	EndGlobalSection
	GlobalSection(SolutionProperties) = preSolution
		HideSolutionNode = FALSE
	EndGlobalSection
	GlobalSection(ExtensibilityGlobals) = postSolution
		SolutionGuid = {50FCB9F8-135D-4D5F-B2DA-6C18040AF1CF}
	EndGlobalSection
EndGlobal
